{
    "_readme": [
        "This file locks the dependencies of your project to a known state",
        "Read more about it at https://getcomposer.org/doc/01-basic-usage.md#composer-lock-the-lock-file",
        "This file is @generated automatically"
    ],
    "hash": "c50c4b5e601324dd335cf44582ffe196",
    "content-hash": "5af23edcb7f0928342a9671f7b984195",
    "packages": [
        {
            "name": "achimFritz/championship",
            "version": "1.1.3",
            "source": {
                "type": "git",
                "url": "https://github.com/achimfritz/AchimFritz.ChampionShip.git",
                "reference": "0a659171cc5d28b5ea707528454060ecb63f41a5"
            },
            "dist": {
                "type": "zip",
                "url": "https://api.github.com/repos/achimfritz/AchimFritz.ChampionShip/zipball/0a659171cc5d28b5ea707528454060ecb63f41a5",
                "reference": "0a659171cc5d28b5ea707528454060ecb63f41a5",
                "shasum": ""
            },
            "require": {
                "typo3/flow": "*"
            },
            "type": "typo3-flow-package",
            "autoload": {
                "psr-0": {
                    "AchimFritz\\ChampionShip": "Classes"
                }
            },
            "support": {
                "source": "https://github.com/achimfritz/AchimFritz.ChampionShip/tree/1.1.3",
                "issues": "https://github.com/achimfritz/AchimFritz.ChampionShip/issues"
            },
            "time": "2014-06-13 16:09:48"
        },
        {
            "name": "achimfritz/championship-import",
            "version": "1.1.0",
            "source": {
                "type": "git",
                "url": "https://github.com/achimfritz/AchimFritz.ChampionShip.Import.git",
                "reference": "252d25f474322de2281e542c1773aa17b5332487"
            },
            "dist": {
                "type": "zip",
                "url": "https://api.github.com/repos/achimfritz/AchimFritz.ChampionShip.Import/zipball/252d25f474322de2281e542c1773aa17b5332487",
                "reference": "252d25f474322de2281e542c1773aa17b5332487",
                "shasum": ""
            },
            "require": {
                "typo3/flow": "*"
            },
            "type": "typo3-flow-package",
            "autoload": {
                "psr-0": {
                    "AchimFritz\\ChampionShip\\Import": "Classes"
                }
            },
            "support": {
                "source": "https://github.com/achimfritz/AchimFritz.ChampionShip.Import/tree/1.1.0",
                "issues": "https://github.com/achimfritz/AchimFritz.ChampionShip.Import/issues"
            },
            "time": "2014-05-28 17:59:16"
        },
        {
            "name": "doctrine/annotations",
            "version": "dev-master",
            "source": {
                "type": "git",
                "url": "https://github.com/doctrine/annotations.git",
                "reference": "07a9af2d4de5f9ef0bf2d9ae94421e5fc50d7859"
            },
            "dist": {
                "type": "zip",
                "url": "https://api.github.com/repos/doctrine/annotations/zipball/07a9af2d4de5f9ef0bf2d9ae94421e5fc50d7859",
                "reference": "07a9af2d4de5f9ef0bf2d9ae94421e5fc50d7859",
                "shasum": ""
            },
            "require": {
                "doctrine/lexer": "1.*",
                "php": ">=5.3.2"
            },
            "require-dev": {
                "doctrine/cache": "1.*",
                "phpunit/phpunit": "4.*"
            },
            "type": "library",
            "extra": {
                "branch-alias": {
                    "dev-master": "1.3.x-dev"
                }
            },
            "autoload": {
                "psr-0": {
                    "Doctrine\\Common\\Annotations\\": "lib/"
                }
            },
            "notification-url": "https://packagist.org/downloads/",
            "license": [
                "MIT"
            ],
            "authors": [
                {
                    "name": "Roman Borschel",
                    "email": "roman@code-factory.org"
                },
                {
                    "name": "Benjamin Eberlei",
                    "email": "kontakt@beberlei.de"
                },
                {
                    "name": "Guilherme Blanco",
                    "email": "guilhermeblanco@gmail.com"
                },
                {
                    "name": "Jonathan Wage",
                    "email": "jonwage@gmail.com"
                },
                {
                    "name": "Johannes Schmitt",
                    "email": "schmittjoh@gmail.com"
                }
            ],
            "description": "Docblock Annotations Parser",
            "homepage": "http://www.doctrine-project.org",
            "keywords": [
                "annotations",
                "docblock",
                "parser"
            ],
            "time": "2016-02-26 09:54:41"
        },
        {
            "name": "doctrine/cache",
            "version": "dev-master",
            "source": {
                "type": "git",
                "url": "https://github.com/doctrine/cache.git",
                "reference": "4e3b8b9464d511eccbefe07cef94c275bce7e434"
            },
            "dist": {
                "type": "zip",
                "url": "https://api.github.com/repos/doctrine/cache/zipball/4e3b8b9464d511eccbefe07cef94c275bce7e434",
                "reference": "4e3b8b9464d511eccbefe07cef94c275bce7e434",
                "shasum": ""
            },
            "require": {
                "php": "~5.5|~7.0"
            },
            "conflict": {
                "doctrine/common": ">2.2,<2.4"
            },
            "require-dev": {
                "phpunit/phpunit": "~4.8|~5.0",
                "predis/predis": "~1.0"
            },
            "type": "library",
            "extra": {
                "branch-alias": {
                    "dev-master": "1.7.x-dev"
                }
            },
            "autoload": {
                "psr-4": {
                    "Doctrine\\Common\\Cache\\": "lib/Doctrine/Common/Cache"
                }
            },
            "notification-url": "https://packagist.org/downloads/",
            "license": [
                "MIT"
            ],
            "authors": [
                {
                    "name": "Roman Borschel",
                    "email": "roman@code-factory.org"
                },
                {
                    "name": "Benjamin Eberlei",
                    "email": "kontakt@beberlei.de"
                },
                {
                    "name": "Guilherme Blanco",
                    "email": "guilhermeblanco@gmail.com"
                },
                {
                    "name": "Jonathan Wage",
                    "email": "jonwage@gmail.com"
                },
                {
                    "name": "Johannes Schmitt",
                    "email": "schmittjoh@gmail.com"
                }
            ],
            "description": "Caching library offering an object-oriented API for many cache backends",
            "homepage": "http://www.doctrine-project.org",
            "keywords": [
                "cache",
                "caching"
            ],
            "time": "2016-03-11 16:30:04"
        },
        {
            "name": "doctrine/collections",
            "version": "dev-master",
            "source": {
                "type": "git",
                "url": "https://github.com/doctrine/collections.git",
                "reference": "866e100a425b8b73d15393fd081c6bf067f05bf9"
            },
            "dist": {
                "type": "zip",
                "url": "https://api.github.com/repos/doctrine/collections/zipball/866e100a425b8b73d15393fd081c6bf067f05bf9",
                "reference": "866e100a425b8b73d15393fd081c6bf067f05bf9",
                "shasum": ""
            },
            "require": {
                "php": ">=5.3.2"
            },
            "require-dev": {
                "phpunit/phpunit": "~4.0"
            },
            "type": "library",
            "extra": {
                "branch-alias": {
                    "dev-master": "1.3.x-dev"
                }
            },
            "autoload": {
                "psr-0": {
                    "Doctrine\\Common\\Collections\\": "lib/"
                }
            },
            "notification-url": "https://packagist.org/downloads/",
            "license": [
                "MIT"
            ],
            "authors": [
                {
                    "name": "Roman Borschel",
                    "email": "roman@code-factory.org"
                },
                {
                    "name": "Benjamin Eberlei",
                    "email": "kontakt@beberlei.de"
                },
                {
                    "name": "Guilherme Blanco",
                    "email": "guilhermeblanco@gmail.com"
                },
                {
                    "name": "Jonathan Wage",
                    "email": "jonwage@gmail.com"
                },
                {
                    "name": "Johannes Schmitt",
                    "email": "schmittjoh@gmail.com"
                }
            ],
            "description": "Collections Abstraction library",
            "homepage": "http://www.doctrine-project.org",
            "keywords": [
                "array",
                "collections",
                "iterator"
            ],
            "time": "2015-09-11 15:24:21"
        },
        {
            "name": "doctrine/common",
            "version": "dev-master",
            "source": {
                "type": "git",
                "url": "https://github.com/doctrine/common.git",
                "reference": "773c56e51fc26ae07a47146fae31b320dd6cada3"
            },
            "dist": {
                "type": "zip",
                "url": "https://api.github.com/repos/doctrine/common/zipball/773c56e51fc26ae07a47146fae31b320dd6cada3",
                "reference": "773c56e51fc26ae07a47146fae31b320dd6cada3",
                "shasum": ""
            },
            "require": {
                "doctrine/annotations": "1.*",
                "doctrine/cache": "1.*",
                "doctrine/collections": "1.*",
                "doctrine/inflector": "1.*",
                "doctrine/lexer": "1.*",
                "php": "~5.5|~7.0"
            },
            "require-dev": {
                "phpunit/phpunit": "~4.8|~5.0"
            },
            "type": "library",
            "extra": {
                "branch-alias": {
                    "dev-master": "2.7.x-dev"
                }
            },
            "autoload": {
                "psr-4": {
                    "Doctrine\\Common\\": "lib/Doctrine/Common"
                }
            },
            "notification-url": "https://packagist.org/downloads/",
            "license": [
                "MIT"
            ],
            "authors": [
                {
                    "name": "Roman Borschel",
                    "email": "roman@code-factory.org"
                },
                {
                    "name": "Benjamin Eberlei",
                    "email": "kontakt@beberlei.de"
                },
                {
                    "name": "Guilherme Blanco",
                    "email": "guilhermeblanco@gmail.com"
                },
                {
                    "name": "Jonathan Wage",
                    "email": "jonwage@gmail.com"
                },
                {
                    "name": "Johannes Schmitt",
                    "email": "schmittjoh@gmail.com"
                }
            ],
            "description": "Common Library for Doctrine projects",
            "homepage": "http://www.doctrine-project.org",
            "keywords": [
                "annotations",
                "collections",
                "eventmanager",
                "persistence",
                "spl"
            ],
            "time": "2015-12-26 08:54:38"
        },
        {
            "name": "doctrine/dbal",
            "version": "dev-master",
            "source": {
                "type": "git",
                "url": "https://github.com/doctrine/dbal.git",
                "reference": "61e1f860a304c3fb6961ecbec36927b5f20b71c6"
            },
            "dist": {
                "type": "zip",
                "url": "https://api.github.com/repos/doctrine/dbal/zipball/61e1f860a304c3fb6961ecbec36927b5f20b71c6",
                "reference": "61e1f860a304c3fb6961ecbec36927b5f20b71c6",
                "shasum": ""
            },
            "require": {
                "doctrine/common": "~2.4",
                "php": ">=5.4"
            },
            "require-dev": {
                "phpunit/phpunit": "4.*",
                "symfony/console": "2.*"
            },
            "suggest": {
                "symfony/console": "For helpful console commands such as SQL execution and import of files."
            },
            "bin": [
                "bin/doctrine-dbal"
            ],
            "type": "library",
            "extra": {
                "branch-alias": {
                    "dev-master": "2.6.x-dev"
                }
            },
            "autoload": {
                "psr-0": {
                    "Doctrine\\DBAL\\": "lib/"
                }
            },
            "notification-url": "https://packagist.org/downloads/",
            "license": [
                "MIT"
            ],
            "authors": [
                {
                    "name": "Roman Borschel",
                    "email": "roman@code-factory.org"
                },
                {
                    "name": "Benjamin Eberlei",
                    "email": "kontakt@beberlei.de"
                },
                {
                    "name": "Guilherme Blanco",
                    "email": "guilhermeblanco@gmail.com"
                },
                {
                    "name": "Jonathan Wage",
                    "email": "jonwage@gmail.com"
                }
            ],
            "description": "Database Abstraction Layer",
            "homepage": "http://www.doctrine-project.org",
            "keywords": [
                "database",
                "dbal",
                "persistence",
                "queryobject"
            ],
            "time": "2016-02-19 14:48:59"
        },
        {
            "name": "doctrine/inflector",
            "version": "dev-master",
            "source": {
                "type": "git",
                "url": "https://github.com/doctrine/inflector.git",
                "reference": "90b2128806bfde671b6952ab8bea493942c1fdae"
            },
            "dist": {
                "type": "zip",
                "url": "https://api.github.com/repos/doctrine/inflector/zipball/90b2128806bfde671b6952ab8bea493942c1fdae",
                "reference": "90b2128806bfde671b6952ab8bea493942c1fdae",
                "shasum": ""
            },
            "require": {
                "php": ">=5.3.2"
            },
            "require-dev": {
                "phpunit/phpunit": "4.*"
            },
            "type": "library",
            "extra": {
                "branch-alias": {
                    "dev-master": "1.1.x-dev"
                }
            },
            "autoload": {
                "psr-0": {
                    "Doctrine\\Common\\Inflector\\": "lib/"
                }
            },
            "notification-url": "https://packagist.org/downloads/",
            "license": [
                "MIT"
            ],
            "authors": [
                {
                    "name": "Roman Borschel",
                    "email": "roman@code-factory.org"
                },
                {
                    "name": "Benjamin Eberlei",
                    "email": "kontakt@beberlei.de"
                },
                {
                    "name": "Guilherme Blanco",
                    "email": "guilhermeblanco@gmail.com"
                },
                {
                    "name": "Jonathan Wage",
                    "email": "jonwage@gmail.com"
                },
                {
                    "name": "Johannes Schmitt",
                    "email": "schmittjoh@gmail.com"
                }
            ],
            "description": "Common String Manipulations with regard to casing and singular/plural rules.",
            "homepage": "http://www.doctrine-project.org",
            "keywords": [
                "inflection",
                "pluralize",
                "singularize",
                "string"
            ],
            "time": "2015-11-06 14:35:42"
        },
        {
            "name": "doctrine/lexer",
            "version": "dev-master",
            "source": {
                "type": "git",
                "url": "https://github.com/doctrine/lexer.git",
                "reference": "83893c552fd2045dd78aef794c31e694c37c0b8c"
            },
            "dist": {
                "type": "zip",
                "url": "https://api.github.com/repos/doctrine/lexer/zipball/83893c552fd2045dd78aef794c31e694c37c0b8c",
                "reference": "83893c552fd2045dd78aef794c31e694c37c0b8c",
                "shasum": ""
            },
            "require": {
                "php": ">=5.3.2"
            },
            "type": "library",
            "extra": {
                "branch-alias": {
                    "dev-master": "1.0.x-dev"
                }
            },
            "autoload": {
                "psr-0": {
                    "Doctrine\\Common\\Lexer\\": "lib/"
                }
            },
            "notification-url": "https://packagist.org/downloads/",
            "license": [
                "MIT"
            ],
            "authors": [
                {
                    "name": "Roman Borschel",
                    "email": "roman@code-factory.org"
                },
                {
                    "name": "Guilherme Blanco",
                    "email": "guilhermeblanco@gmail.com"
                },
                {
                    "name": "Johannes Schmitt",
                    "email": "schmittjoh@gmail.com"
                }
            ],
            "description": "Base library for a lexer that can be used in Top-Down, Recursive Descent Parsers.",
            "homepage": "http://www.doctrine-project.org",
            "keywords": [
                "lexer",
                "parser"
            ],
            "time": "2014-09-09 13:34:57"
        },
        {
            "name": "doctrine/migrations",
            "version": "v1.0.0-alpha3",
            "source": {
                "type": "git",
                "url": "https://github.com/doctrine/migrations.git",
                "reference": "d2d18ef671b47a7d48fae54806adac87e82fe8e9"
            },
            "dist": {
                "type": "zip",
                "url": "https://api.github.com/repos/doctrine/migrations/zipball/d2d18ef671b47a7d48fae54806adac87e82fe8e9",
                "reference": "d2d18ef671b47a7d48fae54806adac87e82fe8e9",
                "shasum": ""
            },
            "require": {
                "doctrine/dbal": "~2.0",
                "php": ">=5.3.2"
            },
            "require-dev": {
                "symfony/console": "2.*",
                "symfony/yaml": "2.*"
            },
            "suggest": {
                "symfony/console": "to run the migration from the console"
            },
            "type": "library",
            "extra": {
                "branch-alias": {
                    "dev-master": "1.0.x-dev"
                }
            },
            "autoload": {
                "psr-0": {
                    "Doctrine\\DBAL\\Migrations": "lib"
                }
            },
            "notification-url": "https://packagist.org/downloads/",
            "license": [
                "LGPL-2.1"
            ],
            "authors": [
                {
                    "name": "Benjamin Eberlei",
                    "email": "kontakt@beberlei.de"
                },
                {
                    "name": "Jonathan Wage",
                    "email": "jonwage@gmail.com"
                }
            ],
            "description": "Database Schema migrations using Doctrine DBAL",
            "homepage": "http://www.doctrine-project.org",
            "keywords": [
                "database",
                "migrations"
            ],
            "time": "2015-03-22 13:09:02"
        },
        {
            "name": "doctrine/orm",
            "version": "2.4.x-dev",
            "source": {
                "type": "git",
                "url": "https://github.com/doctrine/doctrine2.git",
                "reference": "ea713a0b01267745e245cf52a0c569425deb170e"
            },
            "dist": {
                "type": "zip",
                "url": "https://api.github.com/repos/doctrine/doctrine2/zipball/ea713a0b01267745e245cf52a0c569425deb170e",
                "reference": "ea713a0b01267745e245cf52a0c569425deb170e",
                "shasum": ""
            },
            "require": {
                "doctrine/collections": "~1.1",
                "doctrine/dbal": "~2.4",
                "ext-pdo": "*",
                "php": ">=5.3.2",
                "symfony/console": "~2.0"
            },
            "require-dev": {
                "satooshi/php-coveralls": "dev-master",
                "symfony/yaml": "~2.1"
            },
            "suggest": {
                "symfony/yaml": "If you want to use YAML Metadata Mapping Driver"
            },
            "bin": [
                "bin/doctrine",
                "bin/doctrine.php"
            ],
            "type": "library",
            "extra": {
                "branch-alias": {
                    "dev-master": "2.4.x-dev"
                }
            },
            "autoload": {
                "psr-0": {
                    "Doctrine\\ORM\\": "lib/"
                }
            },
            "notification-url": "https://packagist.org/downloads/",
            "license": [
                "MIT"
            ],
            "authors": [
                {
                    "name": "Roman Borschel",
                    "email": "roman@code-factory.org"
                },
                {
                    "name": "Benjamin Eberlei",
                    "email": "kontakt@beberlei.de"
                },
                {
                    "name": "Guilherme Blanco",
                    "email": "guilhermeblanco@gmail.com"
                },
                {
                    "name": "Jonathan Wage",
                    "email": "jonwage@gmail.com"
                }
            ],
            "description": "Object-Relational-Mapper for PHP",
            "homepage": "http://www.doctrine-project.org",
            "keywords": [
                "database",
                "orm"
            ],
            "time": "2015-08-31 13:19:01"
        },
        {
            "name": "neos/composer-plugin",
            "version": "1.0.x-dev",
            "source": {
                "type": "git",
                "url": "https://github.com/neos/composer-plugin.git",
                "reference": "4a4449e121ee0a4925147e57815ac886a3ef0677"
            },
            "dist": {
                "type": "zip",
                "url": "https://api.github.com/repos/neos/composer-plugin/zipball/4a4449e121ee0a4925147e57815ac886a3ef0677",
                "reference": "4a4449e121ee0a4925147e57815ac886a3ef0677",
                "shasum": ""
            },
            "require": {
                "composer-plugin-api": "^1.0.0"
            },
            "type": "composer-plugin",
            "extra": {
                "class": "Neos\\ComposerPlugin\\Plugin"
            },
            "autoload": {
                "psr-4": {
                    "Neos\\ComposerPlugin\\": "Classes"
                }
            },
            "notification-url": "https://packagist.org/downloads/",
            "license": [
                "MIT"
            ],
            "description": "Flow Composer Plugin",
            "time": "2016-02-17 07:47:07"
        },
        {
            "name": "swiftmailer/swiftmailer",
            "version": "v5.4.1",
            "source": {
                "type": "git",
                "url": "https://github.com/swiftmailer/swiftmailer.git",
                "reference": "0697e6aa65c83edf97bb0f23d8763f94e3f11421"
            },
            "dist": {
                "type": "zip",
                "url": "https://api.github.com/repos/swiftmailer/swiftmailer/zipball/0697e6aa65c83edf97bb0f23d8763f94e3f11421",
                "reference": "0697e6aa65c83edf97bb0f23d8763f94e3f11421",
                "shasum": ""
            },
            "require": {
                "php": ">=5.3.3"
            },
            "require-dev": {
                "mockery/mockery": "~0.9.1,<0.9.4"
            },
            "type": "library",
            "extra": {
                "branch-alias": {
                    "dev-master": "5.4-dev"
                }
            },
            "autoload": {
                "files": [
                    "lib/swift_required.php"
                ]
            },
            "notification-url": "https://packagist.org/downloads/",
            "license": [
                "MIT"
            ],
            "authors": [
                {
                    "name": "Chris Corbyn"
                },
                {
                    "name": "Fabien Potencier",
                    "email": "fabien@symfony.com"
                }
            ],
            "description": "Swiftmailer, free feature-rich PHP mailer",
            "homepage": "http://swiftmailer.org",
            "keywords": [
                "email",
                "mail",
                "mailer"
            ],
            "time": "2015-06-06 14:19:39"
        },
        {
            "name": "symfony/console",
            "version": "2.8.x-dev",
            "source": {
                "type": "git",
                "url": "https://github.com/symfony/console.git",
                "reference": "9a5aef5fc0d4eff86853d44202b02be8d5a20154"
            },
            "dist": {
                "type": "zip",
                "url": "https://api.github.com/repos/symfony/console/zipball/9a5aef5fc0d4eff86853d44202b02be8d5a20154",
                "reference": "9a5aef5fc0d4eff86853d44202b02be8d5a20154",
                "shasum": ""
            },
            "require": {
                "php": ">=5.3.9",
                "symfony/polyfill-mbstring": "~1.0"
            },
            "require-dev": {
                "psr/log": "~1.0",
                "symfony/event-dispatcher": "~2.1|~3.0.0",
                "symfony/process": "~2.1|~3.0.0"
            },
            "suggest": {
                "psr/log": "For using the console logger",
                "symfony/event-dispatcher": "",
                "symfony/process": ""
            },
            "type": "library",
            "extra": {
                "branch-alias": {
                    "dev-master": "2.8-dev"
                }
            },
            "autoload": {
                "psr-4": {
                    "Symfony\\Component\\Console\\": ""
                },
                "exclude-from-classmap": [
                    "/Tests/"
                ]
            },
            "notification-url": "https://packagist.org/downloads/",
            "license": [
                "MIT"
            ],
            "authors": [
                {
                    "name": "Fabien Potencier",
                    "email": "fabien@symfony.com"
                },
                {
                    "name": "Symfony Community",
                    "homepage": "https://symfony.com/contributors"
                }
            ],
            "description": "Symfony Console Component",
            "homepage": "https://symfony.com",
            "time": "2016-03-17 09:19:04"
        },
        {
            "name": "symfony/dom-crawler",
            "version": "2.5.x-dev",
            "target-dir": "Symfony/Component/DomCrawler",
            "source": {
                "type": "git",
                "url": "https://github.com/symfony/dom-crawler.git",
                "reference": "3860edcf7ff7e173cfe2151f0d425e610e77cc35"
            },
            "dist": {
                "type": "zip",
                "url": "https://api.github.com/repos/symfony/dom-crawler/zipball/3860edcf7ff7e173cfe2151f0d425e610e77cc35",
                "reference": "3860edcf7ff7e173cfe2151f0d425e610e77cc35",
                "shasum": ""
            },
            "require": {
                "php": ">=5.3.3"
            },
            "require-dev": {
                "symfony/css-selector": "~2.3"
            },
            "suggest": {
                "symfony/css-selector": ""
            },
            "type": "library",
            "extra": {
                "branch-alias": {
                    "dev-master": "2.5-dev"
                }
            },
            "autoload": {
                "psr-0": {
                    "Symfony\\Component\\DomCrawler\\": ""
                }
            },
            "notification-url": "https://packagist.org/downloads/",
            "license": [
                "MIT"
            ],
            "authors": [
                {
                    "name": "Symfony Community",
                    "homepage": "http://symfony.com/contributors"
                },
                {
                    "name": "Fabien Potencier",
                    "email": "fabien@symfony.com"
                }
            ],
            "description": "Symfony DomCrawler Component",
            "homepage": "http://symfony.com",
            "time": "2015-01-03 08:01:13"
        },
        {
            "name": "symfony/polyfill-mbstring",
            "version": "dev-master",
            "source": {
                "type": "git",
                "url": "https://github.com/symfony/polyfill-mbstring.git",
                "reference": "1289d16209491b584839022f29257ad859b8532d"
            },
            "dist": {
                "type": "zip",
                "url": "https://api.github.com/repos/symfony/polyfill-mbstring/zipball/1289d16209491b584839022f29257ad859b8532d",
                "reference": "1289d16209491b584839022f29257ad859b8532d",
                "shasum": ""
            },
            "require": {
                "php": ">=5.3.3"
            },
            "suggest": {
                "ext-mbstring": "For best performance"
            },
            "type": "library",
            "extra": {
                "branch-alias": {
                    "dev-master": "1.1-dev"
                }
            },
            "autoload": {
                "psr-4": {
                    "Symfony\\Polyfill\\Mbstring\\": ""
                },
                "files": [
                    "bootstrap.php"
                ]
            },
            "notification-url": "https://packagist.org/downloads/",
            "license": [
                "MIT"
            ],
            "authors": [
                {
                    "name": "Nicolas Grekas",
                    "email": "p@tchwork.com"
                },
                {
                    "name": "Symfony Community",
                    "homepage": "https://symfony.com/contributors"
                }
            ],
            "description": "Symfony polyfill for the Mbstring extension",
            "homepage": "https://symfony.com",
            "keywords": [
                "compatibility",
                "mbstring",
                "polyfill",
                "portable",
                "shim"
            ],
            "time": "2016-01-20 09:13:37"
        },
        {
            "name": "symfony/yaml",
            "version": "2.5.x-dev",
            "target-dir": "Symfony/Component/Yaml",
            "source": {
                "type": "git",
                "url": "https://github.com/symfony/Yaml.git",
                "reference": "6eb40abc613d80828d55a40811c7a3ca491bc926"
            },
            "dist": {
                "type": "zip",
                "url": "https://api.github.com/repos/symfony/Yaml/zipball/6eb40abc613d80828d55a40811c7a3ca491bc926",
                "reference": "6eb40abc613d80828d55a40811c7a3ca491bc926",
                "shasum": ""
            },
            "require": {
                "php": ">=5.3.3"
            },
            "type": "library",
            "extra": {
                "branch-alias": {
                    "dev-master": "2.5-dev"
                }
            },
            "autoload": {
                "psr-0": {
                    "Symfony\\Component\\Yaml\\": ""
                }
            },
            "notification-url": "https://packagist.org/downloads/",
            "license": [
                "MIT"
            ],
            "authors": [
                {
                    "name": "Symfony Community",
                    "homepage": "http://symfony.com/contributors"
                },
                {
                    "name": "Fabien Potencier",
                    "email": "fabien@symfony.com"
                }
            ],
            "description": "Symfony Yaml Component",
            "homepage": "http://symfony.com",
            "time": "2015-01-25 04:37:39"
        },
        {
            "name": "typo3/accountmanagement",
            "version": "1.0.0",
            "source": {
                "type": "git",
                "url": "https://github.com/svparijs/TYPO3.AccountManagement.git",
                "reference": "94ed5bb6735412926484eda2b5cdb211eb0d535a"
            },
            "dist": {
                "type": "zip",
                "url": "https://api.github.com/repos/svparijs/TYPO3.AccountManagement/zipball/94ed5bb6735412926484eda2b5cdb211eb0d535a",
                "reference": "94ed5bb6735412926484eda2b5cdb211eb0d535a",
                "shasum": ""
            },
            "require": {
                "typo3/flow": "*"
            },
            "suggest": {
                "typo3/party": "For not only working with plain Accounts but also Users, the TYPO3.Party package is suggested to be used"
            },
            "type": "typo3-flow-package",
            "autoload": {
                "psr-0": {
                    "TYPO3\\AccountManagement": "Classes"
                }
            },
            "support": {
                "source": "https://github.com/svparijs/TYPO3.AccountManagement/tree/1.0.1",
                "issues": "https://github.com/svparijs/TYPO3.AccountManagement/issues"
            },
            "time": "2015-03-16 12:25:45"
        },
        {
            "name": "typo3/eel",
            "version": "2.3.x-dev",
            "source": {
                "type": "git",
                "url": "https://github.com/neos/eel.git",
                "reference": "5a370dd69355c1e62e35abc5f29beb9164077fb6"
            },
            "dist": {
                "type": "zip",
                "url": "https://api.github.com/repos/neos/eel/zipball/5a370dd69355c1e62e35abc5f29beb9164077fb6",
                "reference": "5a370dd69355c1e62e35abc5f29beb9164077fb6",
                "shasum": ""
            },
            "require": {
                "typo3/flow": "~2.3.0"
            },
            "type": "typo3-flow-framework",
            "autoload": {
                "psr-0": {
                    "TYPO3\\Eel": "Classes"
                }
            },
            "notification-url": "https://packagist.org/downloads/",
            "license": [
                "MIT"
            ],
            "description": "The Embedded Expression Language (Eel) is a building block for creating Domain Specific Languages",
            "time": "2016-01-13 10:30:07"
        },
        {
            "name": "typo3/flow",
            "version": "2.3.x-dev",
            "source": {
                "type": "git",
                "url": "https://github.com/neos/flow.git",
                "reference": "86feafe465e45ebc8b7783c700c71f5fda507266"
            },
            "dist": {
                "type": "zip",
                "url": "https://api.github.com/repos/neos/flow/zipball/86feafe465e45ebc8b7783c700c71f5fda507266",
                "reference": "86feafe465e45ebc8b7783c700c71f5fda507266",
                "shasum": ""
            },
            "require": {
                "doctrine/migrations": "1.0.0-alpha3",
                "doctrine/orm": "2.4.*",
                "ext-json": ">=1.2.0",
                "ext-session": "*",
                "ext-spl": "*",
                "ext-zlib": "*",
                "neos/composer-plugin": "^1.0.1",
                "php": ">=5.3.2",
                "symfony/console": "2.*",
                "symfony/dom-crawler": "2.5.*",
                "symfony/yaml": "2.5.*",
                "typo3/eel": "~2.3.0",
                "typo3/fluid": "~2.3.0",
                "typo3/party": "2.3.*"
            },
            "suggest": {
                "doctrine/data-fixtures": "To manage and execute the loading of data fixtures for the Doctrine ORM or ODM",
                "ext-curl": "To use the \\TYPO3\\Flow\\Http\\Client\\CurlEngine"
            },
            "type": "typo3-flow-framework",
            "autoload": {
                "psr-0": {
                    "TYPO3\\Flow": "Classes"
                }
            },
            "notification-url": "https://packagist.org/downloads/",
            "license": [
                "MIT"
            ],
            "description": "Flow Application Framework",
            "homepage": "http://flow.typo3.org",
            "time": "2016-03-22 10:32:52"
        },
        {
            "name": "typo3/fluid",
            "version": "2.3.x-dev",
            "source": {
                "type": "git",
                "url": "https://github.com/neos/fluid.git",
                "reference": "a5c3f324f06684db41f3e00a5b08d05e5bd22a4d"
            },
            "dist": {
                "type": "zip",
                "url": "https://api.github.com/repos/neos/fluid/zipball/a5c3f324f06684db41f3e00a5b08d05e5bd22a4d",
                "reference": "a5c3f324f06684db41f3e00a5b08d05e5bd22a4d",
                "shasum": ""
            },
            "require": {
                "typo3/flow": "~2.3.0"
            },
            "type": "typo3-flow-framework",
            "autoload": {
                "psr-0": {
                    "TYPO3\\Fluid": "Classes"
                }
            },
            "notification-url": "https://packagist.org/downloads/",
            "license": [
                "MIT"
            ],
            "description": "Next-Generation Templating Framework for Flow and Neos",
            "time": "2016-01-13 10:10:27"
        },
        {
            "name": "typo3/party",
            "version": "2.3.x-dev",
            "source": {
                "type": "git",
                "url": "https://github.com/neos/party.git",
                "reference": "248c2ce04c1e7ab93dcbfc3a83c41b059e51fb4c"
            },
            "dist": {
                "type": "zip",
                "url": "https://api.github.com/repos/neos/party/zipball/248c2ce04c1e7ab93dcbfc3a83c41b059e51fb4c",
                "reference": "248c2ce04c1e7ab93dcbfc3a83c41b059e51fb4c",
                "shasum": ""
            },
            "require": {
                "typo3/flow": "2.3.*"
            },
            "type": "typo3-flow-package",
            "autoload": {
                "psr-0": {
                    "TYPO3\\Party": "Classes"
                }
            },
            "notification-url": "https://packagist.org/downloads/",
            "license": [
                "LGPL-3.0+"
            ],
            "description": "A PHP implementation of the OASIS Customer Information Quality (CIQ) XML Standard.",
            "time": "2016-02-12 14:17:03"
        },
        {
            "name": "typo3/swiftmailer",
            "version": "dev-master",
            "source": {
                "type": "git",
                "url": "https://github.com/neos/swiftmailer.git",
                "reference": "e6dd313884321915b6436e48b1550fa96cb04b83"
            },
            "dist": {
                "type": "zip",
                "url": "https://api.github.com/repos/neos/swiftmailer/zipball/e6dd313884321915b6436e48b1550fa96cb04b83",
                "reference": "e6dd313884321915b6436e48b1550fa96cb04b83",
                "shasum": ""
            },
            "require": {
                "swiftmailer/swiftmailer": "5.4.1",
                "typo3/flow": "~2.0||~3.0"
            },
            "type": "typo3-flow-package",
            "autoload": {
                "psr-0": {
                    "TYPO3\\SwiftMailer": "Classes"
                }
            },
            "notification-url": "https://packagist.org/downloads/",
            "license": [
                "LGPL-3.0",
                "MIT"
            ],
            "description": "A Flow package for easy use of Swift Mailer",
            "time": "2015-11-18 11:28:38"
        }
    ],
    "packages-dev": [
        {
            "name": "mikey179/vfsStream",
            "version": "dev-master",
            "source": {
                "type": "git",
                "url": "https://github.com/mikey179/vfsStream.git",
                "reference": "9d2c56cbd7ef8526f14daf816a6432e3e82b6065"
            },
            "dist": {
                "type": "zip",
                "url": "https://api.github.com/repos/mikey179/vfsStream/zipball/9d2c56cbd7ef8526f14daf816a6432e3e82b6065",
                "reference": "9d2c56cbd7ef8526f14daf816a6432e3e82b6065",
                "shasum": ""
            },
            "require": {
                "php": ">=5.3.0"
            },
            "require-dev": {
                "phpunit/phpunit": "~4.5"
            },
            "type": "library",
            "extra": {
                "branch-alias": {
                    "dev-master": "1.6.x-dev"
                }
            },
            "autoload": {
                "psr-0": {
                    "org\\bovigo\\vfs\\": "src/main/php"
                }
            },
            "notification-url": "https://packagist.org/downloads/",
            "license": [
                "BSD-3-Clause"
            ],
            "authors": [
                {
                    "name": "Frank Kleine",
                    "homepage": "http://frankkleine.de/",
                    "role": "Developer"
                }
            ],
            "description": "Virtual file system to mock the real file system in unit tests.",
            "homepage": "http://vfs.bovigo.org/",
            "time": "2016-03-23 13:49:52"
        },
        {
            "name": "typo3/buildessentials",
            "version": "2.3.x-dev",
            "source": {
                "type": "git",
                "url": "https://github.com/neos/BuildEssentials.git",
                "reference": "5b0dd8f4a66f7369e7c2cf356a66866b25b41094"
            },
            "dist": {
                "type": "zip",
                "url": "https://api.github.com/repos/neos/BuildEssentials/zipball/5b0dd8f4a66f7369e7c2cf356a66866b25b41094",
                "reference": "5b0dd8f4a66f7369e7c2cf356a66866b25b41094",
                "shasum": ""
            },
            "require": {
                "neos/composer-plugin": "^1.0.1"
            },
            "type": "typo3-flow-build",
            "extra": {
                "installer-name": "BuildEssentials"
            },
            "notification-url": "https://packagist.org/downloads/",
            "license": [
                "LGPL-3.0+"
            ],
            "description": "TYPO3 Flow Build Toolchain Essentials",
            "time": "2016-03-08 10:00:48"
        },
        {
            "name": "typo3/kickstart",
            "version": "2.3.x-dev",
            "source": {
                "type": "git",
                "url": "https://github.com/neos/kickstart.git",
                "reference": "96e182207811baac55fece7002bb8a9ad94ad477"
            },
            "dist": {
                "type": "zip",
                "url": "https://api.github.com/repos/neos/kickstart/zipball/96e182207811baac55fece7002bb8a9ad94ad477",
                "reference": "96e182207811baac55fece7002bb8a9ad94ad477",
                "shasum": ""
            },
            "require": {
                "typo3/flow": "~2.3.0"
            },
            "type": "typo3-flow-framework",
            "autoload": {
                "psr-0": {
                    "TYPO3\\Kickstart": "Classes"
                }
            },
            "notification-url": "https://packagist.org/downloads/",
            "license": [
                "MIT"
            ],
            "description": "A simple generator for controller and views.",
            "time": "2015-12-11 12:20:36"
        }
    ],
    "aliases": [],
    "minimum-stability": "dev",
    "stability-flags": {
        "typo3/swiftmailer": 20
    },
    "prefer-stable": false,
    "prefer-lowest": false,
    "platform": [],
    "platform-dev": []
}
